
Microsoft Visual Studio Solution File, Format Version 12.00
# Visual Studio 14
VisualStudioVersion = 14.0.25123.0
MinimumVisualStudioVersion = 10.0.40219.1
Project("{F2A71F9B-5D33-465A-A702-920D77279786}") = "Demo", "src\Demo\Demo.fsproj", "{3BF7D68E-C10D-46BB-ABDF-4953D3FA1163}"
EndProject
Project("{F2A71F9B-5D33-465A-A702-920D77279786}") = "Eventsourcing.Lib", "src\Eventsourcing.Lib\Eventsourcing.Lib.fsproj", "{260137CC-FB38-48A1-9B7B-15D073CCF21B}"
EndProject
Project("{F2A71F9B-5D33-465A-A702-920D77279786}") = "Eventsourcing.Demostore", "src\Eventsourcing.Demostore\Eventsourcing.Demostore.fsproj", "{4F5CE50C-1848-4469-BA67-56045E700232}"
EndProject
Global
	GlobalSection(SolutionConfigurationPlatforms) = preSolution
		Debug|Any CPU = Debug|Any CPU
		Release|Any CPU = Release|Any CPU
	EndGlobalSection
	GlobalSection(ProjectConfigurationPlatforms) = postSolution
		{3BF7D68E-C10D-46BB-ABDF-4953D3FA1163}.Debug|Any CPU.ActiveCfg = Debug|Any CPU
		{3BF7D68E-C10D-46BB-ABDF-4953D3FA1163}.Debug|Any CPU.Build.0 = Debug|Any CPU
		{3BF7D68E-C10D-46BB-ABDF-4953D3FA1163}.Release|Any CPU.ActiveCfg = Release|Any CPU
		{3BF7D68E-C10D-46BB-ABDF-4953D3FA1163}.Release|Any CPU.Build.0 = Release|Any CPU
		{260137CC-FB38-48A1-9B7B-15D073CCF21B}.Debug|Any CPU.ActiveCfg = Debug|Any CPU
		{260137CC-FB38-48A1-9B7B-15D073CCF21B}.Debug|Any CPU.Build.0 = Debug|Any CPU
		{260137CC-FB38-48A1-9B7B-15D073CCF21B}.Release|Any CPU.ActiveCfg = Release|Any CPU
		{260137CC-FB38-48A1-9B7B-15D073CCF21B}.Release|Any CPU.Build.0 = Release|Any CPU
		{4F5CE50C-1848-4469-BA67-56045E700232}.Debug|Any CPU.ActiveCfg = Debug|Any CPU
		{4F5CE50C-1848-4469-BA67-56045E700232}.Debug|Any CPU.Build.0 = Debug|Any CPU
		{4F5CE50C-1848-4469-BA67-56045E700232}.Release|Any CPU.ActiveCfg = Release|Any CPU
		{4F5CE50C-1848-4469-BA67-56045E700232}.Release|Any CPU.Build.0 = Release|Any CPU
	EndGlobalSection
	GlobalSection(SolutionProperties) = preSolution
		HideSolutionNode = FALSE
	EndGlobalSection
EndGlobal
